
Microsoft Visual Studio Solution File, Format Version 12.00
# Visual Studio Version 16
VisualStudioVersion = 16.0.30907.101
MinimumVisualStudioVersion = 10.0.40219.1
Project("{FAE04EC0-301F-11D3-BF4B-00C04F79EFBC}") = "RecapDemo1", "RecapDemo1\RecapDemo1.csproj", "{03B1FE57-3847-48CA-8820-C145C39E769E}"
EndProject
Global
	GlobalSection(SolutionConfigurationPlatforms) = preSolution
		Debug|Any CPU = Debug|Any CPU
		Release|Any CPU = Release|Any CPU
	EndGlobalSection
	GlobalSection(ProjectConfigurationPlatforms) = postSolution
		{03B1FE57-3847-48CA-8820-C145C39E769E}.Debug|Any CPU.ActiveCfg = Debug|Any CPU
		{03B1FE57-3847-48CA-8820-C145C39E769E}.Debug|Any CPU.Build.0 = Debug|Any CPU
		{03B1FE57-3847-48CA-8820-C145C39E769E}.Release|Any CPU.ActiveCfg = Release|Any CPU
		{03B1FE57-3847-48CA-8820-C145C39E769E}.Release|Any CPU.Build.0 = Release|Any CPU
	EndGlobalSection
	GlobalSection(SolutionProperties) = preSolution
		HideSolutionNode = FALSE
	EndGlobalSection
	GlobalSection(ExtensibilityGlobals) = postSolution
		SolutionGuid = {D1D75039-C2AF-4175-A289-EAAC7A54EE3F}
	EndGlobalSection
EndGlobal
